
Microsoft Visual Studio Solution File, Format Version 12.00
# Visual Studio Version 17
VisualStudioVersion = 17.9.34728.123
MinimumVisualStudioVersion = 10.0.40219.1
Project("{FAE04EC0-301F-11D3-BF4B-00C04F79EFBC}") = "lab_2_1", "lab_2_1.csproj", "{DCDB6418-6540-44D9-8F38-95ECF33D78B6}"
EndProject
Global
	GlobalSection(SolutionConfigurationPlatforms) = preSolution
		Debug|Any CPU = Debug|Any CPU
		Release|Any CPU = Release|Any CPU
	EndGlobalSection
	GlobalSection(ProjectConfigurationPlatforms) = postSolution
		{DCDB6418-6540-44D9-8F38-95ECF33D78B6}.Debug|Any CPU.ActiveCfg = Debug|Any CPU
		{DCDB6418-6540-44D9-8F38-95ECF33D78B6}.Debug|Any CPU.Build.0 = Debug|Any CPU
		{DCDB6418-6540-44D9-8F38-95ECF33D78B6}.Release|Any CPU.ActiveCfg = Release|Any CPU
		{DCDB6418-6540-44D9-8F38-95ECF33D78B6}.Release|Any CPU.Build.0 = Release|Any CPU
	EndGlobalSection
	GlobalSection(SolutionProperties) = preSolution
		HideSolutionNode = FALSE
	EndGlobalSection
	GlobalSection(ExtensibilityGlobals) = postSolution
		SolutionGuid = {0C0628B0-717B-4ACE-A51C-02DF25D146F5}
	EndGlobalSection
EndGlobal
